
Microsoft Visual Studio Solution File, Format Version 12.00
# Visual Studio 15
VisualStudioVersion = 15.0.27130.2027
MinimumVisualStudioVersion = 10.0.40219.1
Project("{2150E333-8FDC-42A3-9474-1A3956D46DE8}") = "Task List", "Task List", "{B4E3DE3A-2853-4982-9BBE-B4F7813B24E2}"
EndProject
Project("{2150E333-8FDC-42A3-9474-1A3956D46DE8}") = "Customer Service", "Customer Service", "{E1E029F1-5CB2-4893-BAF4-ADE13482C314}"
EndProject
Project("{9A19103F-16F7-4668-BE54-9A1E7A4F7556}") = "Apworks.Examples.CustomerService.MongoDB", "CustomerService\Apworks.Examples.CustomerService.MongoDB\Apworks.Examples.CustomerService.MongoDB.csproj", "{DC2AE20E-A33B-4403-AD66-65A5DFCC4D40}"
EndProject
Project("{9A19103F-16F7-4668-BE54-9A1E7A4F7556}") = "Apworks.Examples.CustomerService.EntityFramework", "CustomerService\Apworks.Examples.CustomerService.EntityFramework\Apworks.Examples.CustomerService.EntityFramework.csproj", "{ED19F2EC-068D-41DD-9422-F7D89808703E}"
EndProject
Project("{2150E333-8FDC-42A3-9474-1A3956D46DE8}") = "WeText", "WeText", "{F678684F-A0AB-4891-84A7-BFB5A52A92F3}"
EndProject
Project("{9A19103F-16F7-4668-BE54-9A1E7A4F7556}") = "WeText.Services.Accounts", "WeText\services\WeText.Services.Accounts\WeText.Services.Accounts.csproj", "{6063D3F8-2078-48DB-BF64-5736FF9B19AA}"
EndProject
Project("{9A19103F-16F7-4668-BE54-9A1E7A4F7556}") = "WeText.Services.Texting", "WeText\services\WeText.Services.Texting\WeText.Services.Texting.csproj", "{532DB9EF-B4F9-4A61-B79B-4A99AA8ED51D}"
EndProject
Project("{9A19103F-16F7-4668-BE54-9A1E7A4F7556}") = "WeText.Services.Auditing", "WeText\services\WeText.Services.Auditing\WeText.Services.Auditing.csproj", "{300A8035-03F0-422C-ADC7-1BF44B5C7C2A}"
EndProject
Project("{9A19103F-16F7-4668-BE54-9A1E7A4F7556}") = "WeText.Services.Shared", "WeText\services\WeText.Services.Shared\WeText.Services.Shared.csproj", "{35118B1E-C402-4655-9768-5D311FADAD1C}"
EndProject
Project("{9A19103F-16F7-4668-BE54-9A1E7A4F7556}") = "Apworks.Examples.TaskList", "TaskList\service\Apworks.Examples.TaskList.csproj", "{76352BF0-E11D-4894-85B8-7CBAC4A6EB09}"
EndProject
Global
	GlobalSection(SolutionConfigurationPlatforms) = preSolution
		Debug|Any CPU = Debug|Any CPU
		Release|Any CPU = Release|Any CPU
	EndGlobalSection
	GlobalSection(ProjectConfigurationPlatforms) = postSolution
		{DC2AE20E-A33B-4403-AD66-65A5DFCC4D40}.Debug|Any CPU.ActiveCfg = Debug|Any CPU
		{DC2AE20E-A33B-4403-AD66-65A5DFCC4D40}.Debug|Any CPU.Build.0 = Debug|Any CPU
		{DC2AE20E-A33B-4403-AD66-65A5DFCC4D40}.Release|Any CPU.ActiveCfg = Release|Any CPU
		{DC2AE20E-A33B-4403-AD66-65A5DFCC4D40}.Release|Any CPU.Build.0 = Release|Any CPU
		{ED19F2EC-068D-41DD-9422-F7D89808703E}.Debug|Any CPU.ActiveCfg = Debug|Any CPU
		{ED19F2EC-068D-41DD-9422-F7D89808703E}.Debug|Any CPU.Build.0 = Debug|Any CPU
		{ED19F2EC-068D-41DD-9422-F7D89808703E}.Release|Any CPU.ActiveCfg = Release|Any CPU
		{ED19F2EC-068D-41DD-9422-F7D89808703E}.Release|Any CPU.Build.0 = Release|Any CPU
		{6063D3F8-2078-48DB-BF64-5736FF9B19AA}.Debug|Any CPU.ActiveCfg = Debug|Any CPU
		{6063D3F8-2078-48DB-BF64-5736FF9B19AA}.Debug|Any CPU.Build.0 = Debug|Any CPU
		{6063D3F8-2078-48DB-BF64-5736FF9B19AA}.Release|Any CPU.ActiveCfg = Release|Any CPU
		{6063D3F8-2078-48DB-BF64-5736FF9B19AA}.Release|Any CPU.Build.0 = Release|Any CPU
		{532DB9EF-B4F9-4A61-B79B-4A99AA8ED51D}.Debug|Any CPU.ActiveCfg = Debug|Any CPU
		{532DB9EF-B4F9-4A61-B79B-4A99AA8ED51D}.Debug|Any CPU.Build.0 = Debug|Any CPU
		{532DB9EF-B4F9-4A61-B79B-4A99AA8ED51D}.Release|Any CPU.ActiveCfg = Release|Any CPU
		{532DB9EF-B4F9-4A61-B79B-4A99AA8ED51D}.Release|Any CPU.Build.0 = Release|Any CPU
		{300A8035-03F0-422C-ADC7-1BF44B5C7C2A}.Debug|Any CPU.ActiveCfg = Debug|Any CPU
		{300A8035-03F0-422C-ADC7-1BF44B5C7C2A}.Debug|Any CPU.Build.0 = Debug|Any CPU
		{300A8035-03F0-422C-ADC7-1BF44B5C7C2A}.Release|Any CPU.ActiveCfg = Release|Any CPU
		{300A8035-03F0-422C-ADC7-1BF44B5C7C2A}.Release|Any CPU.Build.0 = Release|Any CPU
		{35118B1E-C402-4655-9768-5D311FADAD1C}.Debug|Any CPU.ActiveCfg = Debug|Any CPU
		{35118B1E-C402-4655-9768-5D311FADAD1C}.Debug|Any CPU.Build.0 = Debug|Any CPU
		{35118B1E-C402-4655-9768-5D311FADAD1C}.Release|Any CPU.ActiveCfg = Release|Any CPU
		{35118B1E-C402-4655-9768-5D311FADAD1C}.Release|Any CPU.Build.0 = Release|Any CPU
		{76352BF0-E11D-4894-85B8-7CBAC4A6EB09}.Debug|Any CPU.ActiveCfg = Debug|Any CPU
		{76352BF0-E11D-4894-85B8-7CBAC4A6EB09}.Debug|Any CPU.Build.0 = Debug|Any CPU
		{76352BF0-E11D-4894-85B8-7CBAC4A6EB09}.Release|Any CPU.ActiveCfg = Release|Any CPU
		{76352BF0-E11D-4894-85B8-7CBAC4A6EB09}.Release|Any CPU.Build.0 = Release|Any CPU
	EndGlobalSection
	GlobalSection(SolutionProperties) = preSolution
		HideSolutionNode = FALSE
	EndGlobalSection
	GlobalSection(NestedProjects) = preSolution
		{DC2AE20E-A33B-4403-AD66-65A5DFCC4D40} = {E1E029F1-5CB2-4893-BAF4-ADE13482C314}
		{ED19F2EC-068D-41DD-9422-F7D89808703E} = {E1E029F1-5CB2-4893-BAF4-ADE13482C314}
		{6063D3F8-2078-48DB-BF64-5736FF9B19AA} = {F678684F-A0AB-4891-84A7-BFB5A52A92F3}
		{532DB9EF-B4F9-4A61-B79B-4A99AA8ED51D} = {F678684F-A0AB-4891-84A7-BFB5A52A92F3}
		{300A8035-03F0-422C-ADC7-1BF44B5C7C2A} = {F678684F-A0AB-4891-84A7-BFB5A52A92F3}
		{35118B1E-C402-4655-9768-5D311FADAD1C} = {F678684F-A0AB-4891-84A7-BFB5A52A92F3}
		{76352BF0-E11D-4894-85B8-7CBAC4A6EB09} = {B4E3DE3A-2853-4982-9BBE-B4F7813B24E2}
	EndGlobalSection
	GlobalSection(ExtensibilityGlobals) = postSolution
		SolutionGuid = {538E476F-2F26-4151-AD53-9DD62CE1F11B}
	EndGlobalSection
EndGlobal
