
Microsoft Visual Studio Solution File, Format Version 12.00
# Visual Studio 15
VisualStudioVersion = 15.0.26430.6
MinimumVisualStudioVersion = 10.0.40219.1
Project("{2150E333-8FDC-42A3-9474-1A3956D46DE8}") = "Task List", "Task List", "{B4E3DE3A-2853-4982-9BBE-B4F7813B24E2}"
EndProject
Project("{9A19103F-16F7-4668-BE54-9A1E7A4F7556}") = "Apworks.Examples.TaskList", "TaskList\Apworks.Examples.TaskList.csproj", "{B9C7DDB3-265A-481D-970C-6987D6C58785}"
EndProject
Project("{2150E333-8FDC-42A3-9474-1A3956D46DE8}") = "Customer Service", "Customer Service", "{E1E029F1-5CB2-4893-BAF4-ADE13482C314}"
EndProject
Project("{9A19103F-16F7-4668-BE54-9A1E7A4F7556}") = "Apworks.Examples.CustomerService.MongoDB", "CustomerService\Apworks.Examples.CustomerService.MongoDB\Apworks.Examples.CustomerService.MongoDB.csproj", "{DC2AE20E-A33B-4403-AD66-65A5DFCC4D40}"
EndProject
Project("{9A19103F-16F7-4668-BE54-9A1E7A4F7556}") = "Apworks.Examples.CustomerService.EntityFramework", "CustomerService\Apworks.Examples.CustomerService.EntityFramework\Apworks.Examples.CustomerService.EntityFramework.csproj", "{ED19F2EC-068D-41DD-9422-F7D89808703E}"
EndProject
Project("{2150E333-8FDC-42A3-9474-1A3956D46DE8}") = "WeText", "WeText", "{F678684F-A0AB-4891-84A7-BFB5A52A92F3}"
EndProject
Global
	GlobalSection(SolutionConfigurationPlatforms) = preSolution
		Debug|Any CPU = Debug|Any CPU
		Release|Any CPU = Release|Any CPU
	EndGlobalSection
	GlobalSection(ProjectConfigurationPlatforms) = postSolution
		{B9C7DDB3-265A-481D-970C-6987D6C58785}.Debug|Any CPU.ActiveCfg = Debug|Any CPU
		{B9C7DDB3-265A-481D-970C-6987D6C58785}.Debug|Any CPU.Build.0 = Debug|Any CPU
		{B9C7DDB3-265A-481D-970C-6987D6C58785}.Release|Any CPU.ActiveCfg = Release|Any CPU
		{B9C7DDB3-265A-481D-970C-6987D6C58785}.Release|Any CPU.Build.0 = Release|Any CPU
		{DC2AE20E-A33B-4403-AD66-65A5DFCC4D40}.Debug|Any CPU.ActiveCfg = Debug|Any CPU
		{DC2AE20E-A33B-4403-AD66-65A5DFCC4D40}.Debug|Any CPU.Build.0 = Debug|Any CPU
		{DC2AE20E-A33B-4403-AD66-65A5DFCC4D40}.Release|Any CPU.ActiveCfg = Release|Any CPU
		{DC2AE20E-A33B-4403-AD66-65A5DFCC4D40}.Release|Any CPU.Build.0 = Release|Any CPU
		{ED19F2EC-068D-41DD-9422-F7D89808703E}.Debug|Any CPU.ActiveCfg = Debug|Any CPU
		{ED19F2EC-068D-41DD-9422-F7D89808703E}.Debug|Any CPU.Build.0 = Debug|Any CPU
		{ED19F2EC-068D-41DD-9422-F7D89808703E}.Release|Any CPU.ActiveCfg = Release|Any CPU
		{ED19F2EC-068D-41DD-9422-F7D89808703E}.Release|Any CPU.Build.0 = Release|Any CPU
	EndGlobalSection
	GlobalSection(SolutionProperties) = preSolution
		HideSolutionNode = FALSE
	EndGlobalSection
	GlobalSection(NestedProjects) = preSolution
		{B9C7DDB3-265A-481D-970C-6987D6C58785} = {B4E3DE3A-2853-4982-9BBE-B4F7813B24E2}
		{DC2AE20E-A33B-4403-AD66-65A5DFCC4D40} = {E1E029F1-5CB2-4893-BAF4-ADE13482C314}
		{ED19F2EC-068D-41DD-9422-F7D89808703E} = {E1E029F1-5CB2-4893-BAF4-ADE13482C314}
	EndGlobalSection
EndGlobal
